
Microsoft Visual Studio Solution File, Format Version 12.00
# Visual Studio Version 17
VisualStudioVersion = 17.1.32319.34
MinimumVisualStudioVersion = 10.0.40219.1
Project("{2150E333-8FDC-42A3-9474-1A3956D46DE8}") = "Services", "Services", "{DF07F929-8EC2-421E-81A6-845FF2342DD5}"
EndProject
Project("{9A19103F-16F7-4668-BE54-9A1E7A4F7556}") = "User", "User\User.csproj", "{59037899-D6BF-429F-87DA-ED03CE7BFA13}"
EndProject
Project("{2150E333-8FDC-42A3-9474-1A3956D46DE8}") = "Databases", "Databases", "{C585276B-1E93-4A58-83EC-BEF8899FB8C6}"
EndProject
Project("{00D1A9C2-B5F0-4AF3-8072-F6C62B433612}") = "MechDB", "MechDB\MechDB.sqlproj", "{148B2E4E-9A78-4F64-B419-94E5ECC456E0}"
EndProject
Project("{00D1A9C2-B5F0-4AF3-8072-F6C62B433612}") = "UserDB", "UserDB\UserDB.sqlproj", "{586CF174-F15A-4693-82B6-E83459508212}"
EndProject
Project("{9A19103F-16F7-4668-BE54-9A1E7A4F7556}") = "Mechanic", "Mechanic\Mechanic.csproj", "{5E3FA1D6-7144-498D-9829-633369B7DC33}"
EndProject
Project("{9A19103F-16F7-4668-BE54-9A1E7A4F7556}") = "Service", "Service\Service.csproj", "{1E1623DB-1912-499C-854A-A016F27CC87A}"
EndProject
Project("{2150E333-8FDC-42A3-9474-1A3956D46DE8}") = "APIGateway", "APIGateway", "{139363EA-BD80-4503-BC07-C684DC1DA0D6}"
EndProject
Project("{9A19103F-16F7-4668-BE54-9A1E7A4F7556}") = "Gateway", "Gateway\Gateway.csproj", "{1E816DC0-E57E-4D0D-80E1-BAC80239D8A1}"
EndProject
Project("{00D1A9C2-B5F0-4AF3-8072-F6C62B433612}") = "ServiceDB", "ServiceDB\ServiceDB.sqlproj", "{E6FFA2CE-D200-43F4-B6B1-C96E1E0B1F03}"
EndProject
Project("{9A19103F-16F7-4668-BE54-9A1E7A4F7556}") = "Vehicle", "Vehicle\Vehicle.csproj", "{85B7A953-A9B9-460B-A133-3748432FE56D}"
EndProject
Project("{00D1A9C2-B5F0-4AF3-8072-F6C62B433612}") = "VehicleDB", "VehicleDB\VehicleDB.sqlproj", "{34E6CAF9-D009-41A7-89A3-D5D420D8FBDD}"
EndProject
Project("{9A19103F-16F7-4668-BE54-9A1E7A4F7556}") = "Purchase", "Purchase\Purchase.csproj", "{3B93E216-9561-4C2D-BB19-76AD6D0CC2E6}"
EndProject
Project("{00D1A9C2-B5F0-4AF3-8072-F6C62B433612}") = "PurchDB", "PurchDB\PurchDB.sqlproj", "{B06E9BA4-509E-428D-A55F-F318AFD15951}"
EndProject
Global
	GlobalSection(SolutionConfigurationPlatforms) = preSolution
		Debug|Any CPU = Debug|Any CPU
		Release|Any CPU = Release|Any CPU
	EndGlobalSection
	GlobalSection(ProjectConfigurationPlatforms) = postSolution
		{59037899-D6BF-429F-87DA-ED03CE7BFA13}.Debug|Any CPU.ActiveCfg = Debug|Any CPU
		{59037899-D6BF-429F-87DA-ED03CE7BFA13}.Debug|Any CPU.Build.0 = Debug|Any CPU
		{59037899-D6BF-429F-87DA-ED03CE7BFA13}.Release|Any CPU.ActiveCfg = Release|Any CPU
		{59037899-D6BF-429F-87DA-ED03CE7BFA13}.Release|Any CPU.Build.0 = Release|Any CPU
		{148B2E4E-9A78-4F64-B419-94E5ECC456E0}.Debug|Any CPU.ActiveCfg = Debug|Any CPU
		{148B2E4E-9A78-4F64-B419-94E5ECC456E0}.Debug|Any CPU.Build.0 = Debug|Any CPU
		{148B2E4E-9A78-4F64-B419-94E5ECC456E0}.Debug|Any CPU.Deploy.0 = Debug|Any CPU
		{148B2E4E-9A78-4F64-B419-94E5ECC456E0}.Release|Any CPU.ActiveCfg = Release|Any CPU
		{148B2E4E-9A78-4F64-B419-94E5ECC456E0}.Release|Any CPU.Build.0 = Release|Any CPU
		{148B2E4E-9A78-4F64-B419-94E5ECC456E0}.Release|Any CPU.Deploy.0 = Release|Any CPU
		{586CF174-F15A-4693-82B6-E83459508212}.Debug|Any CPU.ActiveCfg = Debug|Any CPU
		{586CF174-F15A-4693-82B6-E83459508212}.Debug|Any CPU.Build.0 = Debug|Any CPU
		{586CF174-F15A-4693-82B6-E83459508212}.Debug|Any CPU.Deploy.0 = Debug|Any CPU
		{586CF174-F15A-4693-82B6-E83459508212}.Release|Any CPU.ActiveCfg = Release|Any CPU
		{586CF174-F15A-4693-82B6-E83459508212}.Release|Any CPU.Build.0 = Release|Any CPU
		{586CF174-F15A-4693-82B6-E83459508212}.Release|Any CPU.Deploy.0 = Release|Any CPU
		{5E3FA1D6-7144-498D-9829-633369B7DC33}.Debug|Any CPU.ActiveCfg = Debug|Any CPU
		{5E3FA1D6-7144-498D-9829-633369B7DC33}.Debug|Any CPU.Build.0 = Debug|Any CPU
		{5E3FA1D6-7144-498D-9829-633369B7DC33}.Release|Any CPU.ActiveCfg = Release|Any CPU
		{5E3FA1D6-7144-498D-9829-633369B7DC33}.Release|Any CPU.Build.0 = Release|Any CPU
		{1E1623DB-1912-499C-854A-A016F27CC87A}.Debug|Any CPU.ActiveCfg = Debug|Any CPU
		{1E1623DB-1912-499C-854A-A016F27CC87A}.Debug|Any CPU.Build.0 = Debug|Any CPU
		{1E1623DB-1912-499C-854A-A016F27CC87A}.Release|Any CPU.ActiveCfg = Release|Any CPU
		{1E1623DB-1912-499C-854A-A016F27CC87A}.Release|Any CPU.Build.0 = Release|Any CPU
		{1E816DC0-E57E-4D0D-80E1-BAC80239D8A1}.Debug|Any CPU.ActiveCfg = Debug|Any CPU
		{1E816DC0-E57E-4D0D-80E1-BAC80239D8A1}.Debug|Any CPU.Build.0 = Debug|Any CPU
		{1E816DC0-E57E-4D0D-80E1-BAC80239D8A1}.Release|Any CPU.ActiveCfg = Release|Any CPU
		{1E816DC0-E57E-4D0D-80E1-BAC80239D8A1}.Release|Any CPU.Build.0 = Release|Any CPU
		{E6FFA2CE-D200-43F4-B6B1-C96E1E0B1F03}.Debug|Any CPU.ActiveCfg = Debug|Any CPU
		{E6FFA2CE-D200-43F4-B6B1-C96E1E0B1F03}.Debug|Any CPU.Build.0 = Debug|Any CPU
		{E6FFA2CE-D200-43F4-B6B1-C96E1E0B1F03}.Debug|Any CPU.Deploy.0 = Debug|Any CPU
		{E6FFA2CE-D200-43F4-B6B1-C96E1E0B1F03}.Release|Any CPU.ActiveCfg = Release|Any CPU
		{E6FFA2CE-D200-43F4-B6B1-C96E1E0B1F03}.Release|Any CPU.Build.0 = Release|Any CPU
		{E6FFA2CE-D200-43F4-B6B1-C96E1E0B1F03}.Release|Any CPU.Deploy.0 = Release|Any CPU
		{85B7A953-A9B9-460B-A133-3748432FE56D}.Debug|Any CPU.ActiveCfg = Debug|Any CPU
		{85B7A953-A9B9-460B-A133-3748432FE56D}.Debug|Any CPU.Build.0 = Debug|Any CPU
		{85B7A953-A9B9-460B-A133-3748432FE56D}.Release|Any CPU.ActiveCfg = Release|Any CPU
		{85B7A953-A9B9-460B-A133-3748432FE56D}.Release|Any CPU.Build.0 = Release|Any CPU
		{34E6CAF9-D009-41A7-89A3-D5D420D8FBDD}.Debug|Any CPU.ActiveCfg = Debug|Any CPU
		{34E6CAF9-D009-41A7-89A3-D5D420D8FBDD}.Debug|Any CPU.Build.0 = Debug|Any CPU
		{34E6CAF9-D009-41A7-89A3-D5D420D8FBDD}.Debug|Any CPU.Deploy.0 = Debug|Any CPU
		{34E6CAF9-D009-41A7-89A3-D5D420D8FBDD}.Release|Any CPU.ActiveCfg = Release|Any CPU
		{34E6CAF9-D009-41A7-89A3-D5D420D8FBDD}.Release|Any CPU.Build.0 = Release|Any CPU
		{34E6CAF9-D009-41A7-89A3-D5D420D8FBDD}.Release|Any CPU.Deploy.0 = Release|Any CPU
		{3B93E216-9561-4C2D-BB19-76AD6D0CC2E6}.Debug|Any CPU.ActiveCfg = Debug|Any CPU
		{3B93E216-9561-4C2D-BB19-76AD6D0CC2E6}.Debug|Any CPU.Build.0 = Debug|Any CPU
		{3B93E216-9561-4C2D-BB19-76AD6D0CC2E6}.Release|Any CPU.ActiveCfg = Release|Any CPU
		{3B93E216-9561-4C2D-BB19-76AD6D0CC2E6}.Release|Any CPU.Build.0 = Release|Any CPU
		{B06E9BA4-509E-428D-A55F-F318AFD15951}.Debug|Any CPU.ActiveCfg = Debug|Any CPU
		{B06E9BA4-509E-428D-A55F-F318AFD15951}.Debug|Any CPU.Build.0 = Debug|Any CPU
		{B06E9BA4-509E-428D-A55F-F318AFD15951}.Debug|Any CPU.Deploy.0 = Debug|Any CPU
		{B06E9BA4-509E-428D-A55F-F318AFD15951}.Release|Any CPU.ActiveCfg = Release|Any CPU
		{B06E9BA4-509E-428D-A55F-F318AFD15951}.Release|Any CPU.Build.0 = Release|Any CPU
		{B06E9BA4-509E-428D-A55F-F318AFD15951}.Release|Any CPU.Deploy.0 = Release|Any CPU
	EndGlobalSection
	GlobalSection(SolutionProperties) = preSolution
		HideSolutionNode = FALSE
	EndGlobalSection
	GlobalSection(NestedProjects) = preSolution
		{59037899-D6BF-429F-87DA-ED03CE7BFA13} = {DF07F929-8EC2-421E-81A6-845FF2342DD5}
		{148B2E4E-9A78-4F64-B419-94E5ECC456E0} = {C585276B-1E93-4A58-83EC-BEF8899FB8C6}
		{586CF174-F15A-4693-82B6-E83459508212} = {C585276B-1E93-4A58-83EC-BEF8899FB8C6}
		{5E3FA1D6-7144-498D-9829-633369B7DC33} = {DF07F929-8EC2-421E-81A6-845FF2342DD5}
		{1E1623DB-1912-499C-854A-A016F27CC87A} = {DF07F929-8EC2-421E-81A6-845FF2342DD5}
		{1E816DC0-E57E-4D0D-80E1-BAC80239D8A1} = {139363EA-BD80-4503-BC07-C684DC1DA0D6}
		{E6FFA2CE-D200-43F4-B6B1-C96E1E0B1F03} = {C585276B-1E93-4A58-83EC-BEF8899FB8C6}
		{85B7A953-A9B9-460B-A133-3748432FE56D} = {DF07F929-8EC2-421E-81A6-845FF2342DD5}
		{34E6CAF9-D009-41A7-89A3-D5D420D8FBDD} = {C585276B-1E93-4A58-83EC-BEF8899FB8C6}
		{3B93E216-9561-4C2D-BB19-76AD6D0CC2E6} = {DF07F929-8EC2-421E-81A6-845FF2342DD5}
		{B06E9BA4-509E-428D-A55F-F318AFD15951} = {C585276B-1E93-4A58-83EC-BEF8899FB8C6}
	EndGlobalSection
	GlobalSection(ExtensibilityGlobals) = postSolution
		SolutionGuid = {57F8092C-FEA2-49AF-ABD6-9A2D2C806C7B}
	EndGlobalSection
EndGlobal
